
Microsoft Visual Studio Solution File, Format Version 12.00
# Visual Studio Version 17
VisualStudioVersion = 17.4.33213.308
MinimumVisualStudioVersion = 10.0.40219.1
Project("{FAE04EC0-301F-11D3-BF4B-00C04F79EFBC}") = "API", "API\API.csproj", "{6D4F99B8-93AD-40AC-BF38-140A65BCE10C}"
EndProject
Project("{FAE04EC0-301F-11D3-BF4B-00C04F79EFBC}") = "Lib.Infraestructure", "Lib.Infraestructure\Lib.Infraestructure.csproj", "{4AB40A79-E0B9-4DBC-86D0-F2057AAAFB70}"
EndProject
Project("{FAE04EC0-301F-11D3-BF4B-00C04F79EFBC}") = "API.Test", "API.Test\API.Test.csproj", "{8D5903A9-0269-41AC-A5A4-FEF77E203C7F}"
EndProject
Project("{FAE04EC0-301F-11D3-BF4B-00C04F79EFBC}") = "Lib.Domain", "Lib.Domain\Lib.Domain.csproj", "{8AC6F303-ED59-44A6-A732-A624C32AAC5A}"
EndProject
Global
	GlobalSection(SolutionConfigurationPlatforms) = preSolution
		Debug|Any CPU = Debug|Any CPU
		Release|Any CPU = Release|Any CPU
	EndGlobalSection
	GlobalSection(ProjectConfigurationPlatforms) = postSolution
		{6D4F99B8-93AD-40AC-BF38-140A65BCE10C}.Debug|Any CPU.ActiveCfg = Debug|Any CPU
		{6D4F99B8-93AD-40AC-BF38-140A65BCE10C}.Debug|Any CPU.Build.0 = Debug|Any CPU
		{6D4F99B8-93AD-40AC-BF38-140A65BCE10C}.Release|Any CPU.ActiveCfg = Release|Any CPU
		{6D4F99B8-93AD-40AC-BF38-140A65BCE10C}.Release|Any CPU.Build.0 = Release|Any CPU
		{4AB40A79-E0B9-4DBC-86D0-F2057AAAFB70}.Debug|Any CPU.ActiveCfg = Debug|Any CPU
		{4AB40A79-E0B9-4DBC-86D0-F2057AAAFB70}.Debug|Any CPU.Build.0 = Debug|Any CPU
		{4AB40A79-E0B9-4DBC-86D0-F2057AAAFB70}.Release|Any CPU.ActiveCfg = Release|Any CPU
		{4AB40A79-E0B9-4DBC-86D0-F2057AAAFB70}.Release|Any CPU.Build.0 = Release|Any CPU
		{8D5903A9-0269-41AC-A5A4-FEF77E203C7F}.Debug|Any CPU.ActiveCfg = Debug|Any CPU
		{8D5903A9-0269-41AC-A5A4-FEF77E203C7F}.Debug|Any CPU.Build.0 = Debug|Any CPU
		{8D5903A9-0269-41AC-A5A4-FEF77E203C7F}.Release|Any CPU.ActiveCfg = Release|Any CPU
		{8D5903A9-0269-41AC-A5A4-FEF77E203C7F}.Release|Any CPU.Build.0 = Release|Any CPU
		{8AC6F303-ED59-44A6-A732-A624C32AAC5A}.Debug|Any CPU.ActiveCfg = Debug|Any CPU
		{8AC6F303-ED59-44A6-A732-A624C32AAC5A}.Debug|Any CPU.Build.0 = Debug|Any CPU
		{8AC6F303-ED59-44A6-A732-A624C32AAC5A}.Release|Any CPU.ActiveCfg = Release|Any CPU
		{8AC6F303-ED59-44A6-A732-A624C32AAC5A}.Release|Any CPU.Build.0 = Release|Any CPU
	EndGlobalSection
	GlobalSection(SolutionProperties) = preSolution
		HideSolutionNode = FALSE
	EndGlobalSection
	GlobalSection(ExtensibilityGlobals) = postSolution
		SolutionGuid = {288AC2BC-CD21-4A1D-8ED9-CA162BE933E4}
	EndGlobalSection
EndGlobal
